
Microsoft Visual Studio Solution File, Format Version 12.00
# Visual Studio Version 17
VisualStudioVersion = 17.14.36105.17 d17.14
MinimumVisualStudioVersion = 10.0.40219.1
Project("{8BC9CEB8-8B4A-11D0-8D11-00A0C91BC942}") = "SDL_VSProjectTemplate", "SDL_VSProjectTemplate.vcxproj", "{FABC91BF-93EE-4235-A8DE-C00EF6DCA3DA}"
EndProject
Global
	GlobalSection(SolutionConfigurationPlatforms) = preSolution
		Debug|x64 = Debug|x64
		Debug|x86 = Debug|x86
		Release|x64 = Release|x64
		Release|x86 = Release|x86
	EndGlobalSection
	GlobalSection(ProjectConfigurationPlatforms) = postSolution
		{FABC91BF-93EE-4235-A8DE-C00EF6DCA3DA}.Debug|x64.ActiveCfg = Debug|x64
		{FABC91BF-93EE-4235-A8DE-C00EF6DCA3DA}.Debug|x64.Build.0 = Debug|x64
		{FABC91BF-93EE-4235-A8DE-C00EF6DCA3DA}.Debug|x86.ActiveCfg = Debug|Win32
		{FABC91BF-93EE-4235-A8DE-C00EF6DCA3DA}.Debug|x86.Build.0 = Debug|Win32
		{FABC91BF-93EE-4235-A8DE-C00EF6DCA3DA}.Release|x64.ActiveCfg = Release|x64
		{FABC91BF-93EE-4235-A8DE-C00EF6DCA3DA}.Release|x64.Build.0 = Release|x64
		{FABC91BF-93EE-4235-A8DE-C00EF6DCA3DA}.Release|x86.ActiveCfg = Release|Win32
		{FABC91BF-93EE-4235-A8DE-C00EF6DCA3DA}.Release|x86.Build.0 = Release|Win32
	EndGlobalSection
	GlobalSection(SolutionProperties) = preSolution
		HideSolutionNode = FALSE
	EndGlobalSection
	GlobalSection(ExtensibilityGlobals) = postSolution
		SolutionGuid = {FA6581A7-5D77-49E1-8953-3950557A5D6D}
	EndGlobalSection
EndGlobal
